
Microsoft Visual Studio Solution File, Format Version 12.00
# Visual Studio Version 16
VisualStudioVersion = 16.0.30320.27
MinimumVisualStudioVersion = 10.0.40219.1
Project("{8BC9CEB8-8B4A-11D0-8D11-00A0C91BC942}") = "Chorizo", "Chorizo.vcxproj", "{2331AEC1-B737-400F-9119-F3B0F113604A}"
EndProject
Global
	GlobalSection(SolutionConfigurationPlatforms) = preSolution
		Debug|x86 = Debug|x86
		Release|x86 = Release|x86
	EndGlobalSection
	GlobalSection(ProjectConfigurationPlatforms) = postSolution
		{2331AEC1-B737-400F-9119-F3B0F113604A}.Debug|x86.ActiveCfg = Debug|Win32
		{2331AEC1-B737-400F-9119-F3B0F113604A}.Debug|x86.Build.0 = Debug|Win32
		{2331AEC1-B737-400F-9119-F3B0F113604A}.Release|x86.ActiveCfg = Release|Win32
		{2331AEC1-B737-400F-9119-F3B0F113604A}.Release|x86.Build.0 = Release|Win32
	EndGlobalSection
	GlobalSection(SolutionProperties) = preSolution
		HideSolutionNode = FALSE
	EndGlobalSection
	GlobalSection(ExtensibilityGlobals) = postSolution
		SolutionGuid = {C98A9AE4-DCBE-4657-9B15-B9CF700B2885}
	EndGlobalSection
EndGlobal
